// !$*UTF8*$!
{
	archiveVersion = 1;
	classes = {
	};
	objectVersion = 46;
	objects = {

/* Begin PBXBuildFile section */
		C9E3763D1C44E3F2000B2A70 /* art.scnassets in Resources */ = {isa = PBXBuildFile; fileRef = C9E3763C1C44E3F2000B2A70 /* art.scnassets */; };
		C9E376421C44E3F2000B2A70 /* MainMenu.xib in Resources */ = {isa = PBXBuildFile; fileRef = C9E376401C44E3F2000B2A70 /* MainMenu.xib */; };
		C9E3764D1C44E3F2000B2A70 /* BananasSwiftNewTests.swift in Sources */ = {isa = PBXBuildFile; fileRef = C9E3764C1C44E3F2000B2A70 /* BananasSwiftNewTests.swift */; };
		C9E376581C44E3F2000B2A70 /* BananasSwiftNewUITests.swift in Sources */ = {isa = PBXBuildFile; fileRef = C9E376571C44E3F2000B2A70 /* BananasSwiftNewUITests.swift */; };
		C9E3766B1C44E572000B2A70 /* AAPLAppDelegate.swift in Sources */ = {isa = PBXBuildFile; fileRef = C9E376681C44E572000B2A70 /* AAPLAppDelegate.swift */; };
		C9E3766C1C44E572000B2A70 /* AAPLSceneView.swift in Sources */ = {isa = PBXBuildFile; fileRef = C9E376691C44E572000B2A70 /* AAPLSceneView.swift */; };
		C9E376701C44E5D4000B2A70 /* AppDelegateOSX.swift in Sources */ = {isa = PBXBuildFile; fileRef = C9E3766F1C44E5D4000B2A70 /* AppDelegateOSX.swift */; };
		C9E376761C44EBEC000B2A70 /* AAPLCoconut.swift in Sources */ = {isa = PBXBuildFile; fileRef = C9E376721C44EBEC000B2A70 /* AAPLCoconut.swift */; };
		C9E376771C44EBEC000B2A70 /* AAPLMonkeyCharacter.swift in Sources */ = {isa = PBXBuildFile; fileRef = C9E376731C44EBEC000B2A70 /* AAPLMonkeyCharacter.swift */; };
		C9E376781C44EBEC000B2A70 /* AAPLPlayerCharacter.swift in Sources */ = {isa = PBXBuildFile; fileRef = C9E376741C44EBEC000B2A70 /* AAPLPlayerCharacter.swift */; };
		C9E376791C44EBEC000B2A70 /* AAPLSkinnedCharacter.swift in Sources */ = {isa = PBXBuildFile; fileRef = C9E376751C44EBEC000B2A70 /* AAPLSkinnedCharacter.swift */; };
		C9E3767F1C44EBF6000B2A70 /* AAPLInGameScene.swift in Sources */ = {isa = PBXBuildFile; fileRef = C9E3767B1C44EBF6000B2A70 /* AAPLInGameScene.swift */; };
		C9E376801C44EBF6000B2A70 /* AAPLMainMenu.swift in Sources */ = {isa = PBXBuildFile; fileRef = C9E3767C1C44EBF6000B2A70 /* AAPLMainMenu.swift */; };
		C9E376811C44EBF6000B2A70 /* AAPLPauseMenu.swift in Sources */ = {isa = PBXBuildFile; fileRef = C9E3767D1C44EBF6000B2A70 /* AAPLPauseMenu.swift */; };
		C9E376821C44EBF6000B2A70 /* AAPLPostGameMenu.swift in Sources */ = {isa = PBXBuildFile; fileRef = C9E3767E1C44EBF6000B2A70 /* AAPLPostGameMenu.swift */; };
		C9E376971C44EC0F000B2A70 /* AAPLGameLevel.swift in Sources */ = {isa = PBXBuildFile; fileRef = C9E376941C44EC0F000B2A70 /* AAPLGameLevel.swift */; };
		C9E376981C44EC0F000B2A70 /* AAPLGameSimulation.swift in Sources */ = {isa = PBXBuildFile; fileRef = C9E376951C44EC0F000B2A70 /* AAPLGameSimulation.swift */; };
		C9E376991C44EC0F000B2A70 /* AAPLMathUtils.swift in Sources */ = {isa = PBXBuildFile; fileRef = C9E376961C44EC0F000B2A70 /* AAPLMathUtils.swift */; };
		C9E376B41C44F5CF000B2A70 /* ack.caf in Resources */ = {isa = PBXBuildFile; fileRef = C9E376AC1C44F5CF000B2A70 /* ack.caf */; };
		C9E376B51C44F5CF000B2A70 /* coconuthit.caf in Resources */ = {isa = PBXBuildFile; fileRef = C9E376AD1C44F5CF000B2A70 /* coconuthit.caf */; };
		C9E376B61C44F5CF000B2A70 /* deposit.caf in Resources */ = {isa = PBXBuildFile; fileRef = C9E376AE1C44F5CF000B2A70 /* deposit.caf */; };
		C9E376B71C44F5CF000B2A70 /* Land.wav in Resources */ = {isa = PBXBuildFile; fileRef = C9E376AF1C44F5CF000B2A70 /* Land.wav */; };
		C9E376B81C44F5CF000B2A70 /* leftstep.caf in Resources */ = {isa = PBXBuildFile; fileRef = C9E376B01C44F5CF000B2A70 /* leftstep.caf */; };
		C9E376B91C44F5CF000B2A70 /* music.caf in Resources */ = {isa = PBXBuildFile; fileRef = C9E376B11C44F5CF000B2A70 /* music.caf */; };
		C9E376BA1C44F5CF000B2A70 /* night.caf in Resources */ = {isa = PBXBuildFile; fileRef = C9E376B21C44F5CF000B2A70 /* night.caf */; };
		C9E376BB1C44F5CF000B2A70 /* rightstep.caf in Resources */ = {isa = PBXBuildFile; fileRef = C9E376B31C44F5CF000B2A70 /* rightstep.caf */; };
		C9E698C41C45F44100CCBE04 /* Images.xcassets in Resources */ = {isa = PBXBuildFile; fileRef = C9E698C31C45F44100CCBE04 /* Images.xcassets */; };
		C9E698DE1C45F54200CCBE04 /* effects_additive.png in Resources */ = {isa = PBXBuildFile; fileRef = C9E698C71C45F54200CCBE04 /* effects_additive.png */; };
		C9E698DF1C45F54200CCBE04 /* effects_transparent.png in Resources */ = {isa = PBXBuildFile; fileRef = C9E698C81C45F54200CCBE04 /* effects_transparent.png */; };
		C9E698E01C45F54200CCBE04 /* spark.png in Resources */ = {isa = PBXBuildFile; fileRef = C9E698C91C45F54200CCBE04 /* spark.png */; };
		C9E698E11C45F54200CCBE04 /* volcano_effects.png in Resources */ = {isa = PBXBuildFile; fileRef = C9E698CA1C45F54200CCBE04 /* volcano_effects.png */; };
		C9E698E21C45F54200CCBE04 /* banana.png in Resources */ = {isa = PBXBuildFile; fileRef = C9E698CC1C45F54200CCBE04 /* banana.png */; };
		C9E698E31C45F54200CCBE04 /* foliage.png in Resources */ = {isa = PBXBuildFile; fileRef = C9E698CD1C45F54200CCBE04 /* foliage.png */; };
		C9E698E41C45F54200CCBE04 /* foliage_lightmap.png in Resources */ = {isa = PBXBuildFile; fileRef = C9E698CE1C45F54200CCBE04 /* foliage_lightmap.png */; };
		C9E698E51C45F54200CCBE04 /* ground.png in Resources */ = {isa = PBXBuildFile; fileRef = C9E698CF1C45F54200CCBE04 /* ground.png */; };
		C9E698E61C45F54200CCBE04 /* ground_lightmap.png in Resources */ = {isa = PBXBuildFile; fileRef = C9E698D01C45F54200CCBE04 /* ground_lightmap.png */; };
		C9E698E71C45F54200CCBE04 /* lava.png in Resources */ = {isa = PBXBuildFile; fileRef = C9E698D11C45F54200CCBE04 /* lava.png */; };
		C9E698E81C45F54200CCBE04 /* lava_lightmap.png in Resources */ = {isa = PBXBuildFile; fileRef = C9E698D21C45F54200CCBE04 /* lava_lightmap.png */; };
		C9E698E91C45F54200CCBE04 /* rocks.png in Resources */ = {isa = PBXBuildFile; fileRef = C9E698D31C45F54200CCBE04 /* rocks.png */; };
		C9E698EA1C45F54200CCBE04 /* rocks_lightmap.png in Resources */ = {isa = PBXBuildFile; fileRef = C9E698D41C45F54200CCBE04 /* rocks_lightmap.png */; };
		C9E698EB1C45F54200CCBE04 /* sky.png in Resources */ = {isa = PBXBuildFile; fileRef = C9E698D51C45F54200CCBE04 /* sky.png */; };
		C9E698EC1C45F54200CCBE04 /* temple.png in Resources */ = {isa = PBXBuildFile; fileRef = C9E698D61C45F54200CCBE04 /* temple.png */; };
		C9E698ED1C45F54200CCBE04 /* temple_lightmap.png in Resources */ = {isa = PBXBuildFile; fileRef = C9E698D71C45F54200CCBE04 /* temple_lightmap.png */; };
		C9E698EE1C45F54200CCBE04 /* temple_normal.png in Resources */ = {isa = PBXBuildFile; fileRef = C9E698D81C45F54200CCBE04 /* temple_normal.png */; };
		C9E698EF1C45F54200CCBE04 /* terrain.png in Resources */ = {isa = PBXBuildFile; fileRef = C9E698D91C45F54200CCBE04 /* terrain.png */; };
		C9E698F01C45F54200CCBE04 /* terrain_lightmap.png in Resources */ = {isa = PBXBuildFile; fileRef = C9E698DA1C45F54200CCBE04 /* terrain_lightmap.png */; };
		C9E698F11C45F54200CCBE04 /* volcano.png in Resources */ = {isa = PBXBuildFile; fileRef = C9E698DB1C45F54200CCBE04 /* volcano.png */; };
		C9E698F21C45F54200CCBE04 /* logo_bananas.png in Resources */ = {isa = PBXBuildFile; fileRef = C9E698DD1C45F54200CCBE04 /* logo_bananas.png */; };
		C9E698F81C45F5CE00CCBE04 /* explorer.png in Resources */ = {isa = PBXBuildFile; fileRef = C9E698F51C45F5CE00CCBE04 /* explorer.png */; };
		C9E698F91C45F5CE00CCBE04 /* monkey.png in Resources */ = {isa = PBXBuildFile; fileRef = C9E698F71C45F5CE00CCBE04 /* monkey.png */; };
		C9E698FC1C45F82B00CCBE04 /* blobShadow.jpg in Resources */ = {isa = PBXBuildFile; fileRef = C9E698FB1C45F82B00CCBE04 /* blobShadow.jpg */; };
/* End PBXBuildFile section */

/* Begin PBXContainerItemProxy section */
		C9E376491C44E3F2000B2A70 /* PBXContainerItemProxy */ = {
			isa = PBXContainerItemProxy;
			containerPortal = C9E3762B1C44E3F2000B2A70 /* Project object */;
			proxyType = 1;
			remoteGlobalIDString = C9E376321C44E3F2000B2A70;
			remoteInfo = BananasSwiftNew;
		};
		C9E376541C44E3F2000B2A70 /* PBXContainerItemProxy */ = {
			isa = PBXContainerItemProxy;
			containerPortal = C9E3762B1C44E3F2000B2A70 /* Project object */;
			proxyType = 1;
			remoteGlobalIDString = C9E376321C44E3F2000B2A70;
			remoteInfo = BananasSwiftNew;
		};
/* End PBXContainerItemProxy section */

/* Begin PBXFileReference section */
		C9E376331C44E3F2000B2A70 /* BananasSwiftNew.app */ = {isa = PBXFileReference; explicitFileType = wrapper.application; includeInIndex = 0; path = BananasSwiftNew.app; sourceTree = BUILT_PRODUCTS_DIR; };
		C9E3763C1C44E3F2000B2A70 /* art.scnassets */ = {isa = PBXFileReference; lastKnownFileType = wrapper.scnassets; path = art.scnassets; sourceTree = "<group>"; };
		C9E376411C44E3F2000B2A70 /* Base */ = {isa = PBXFileReference; lastKnownFileType = file.xib; name = Base; path = Base.lproj/MainMenu.xib; sourceTree = "<group>"; };
		C9E376431C44E3F2000B2A70 /* Info.plist */ = {isa = PBXFileReference; lastKnownFileType = text.plist.xml; path = Info.plist; sourceTree = "<group>"; };
		C9E376481C44E3F2000B2A70 /* BananasSwiftNewTests.xctest */ = {isa = PBXFileReference; explicitFileType = wrapper.cfbundle; includeInIndex = 0; path = BananasSwiftNewTests.xctest; sourceTree = BUILT_PRODUCTS_DIR; };
		C9E3764C1C44E3F2000B2A70 /* BananasSwiftNewTests.swift */ = {isa = PBXFileReference; lastKnownFileType = sourcecode.swift; path = BananasSwiftNewTests.swift; sourceTree = "<group>"; };
		C9E3764E1C44E3F2000B2A70 /* Info.plist */ = {isa = PBXFileReference; lastKnownFileType = text.plist.xml; path = Info.plist; sourceTree = "<group>"; };
		C9E376531C44E3F2000B2A70 /* BananasSwiftNewUITests.xctest */ = {isa = PBXFileReference; explicitFileType = wrapper.cfbundle; includeInIndex = 0; path = BananasSwiftNewUITests.xctest; sourceTree = BUILT_PRODUCTS_DIR; };
		C9E376571C44E3F2000B2A70 /* BananasSwiftNewUITests.swift */ = {isa = PBXFileReference; lastKnownFileType = sourcecode.swift; path = BananasSwiftNewUITests.swift; sourceTree = "<group>"; };
		C9E376591C44E3F2000B2A70 /* Info.plist */ = {isa = PBXFileReference; lastKnownFileType = text.plist.xml; path = Info.plist; sourceTree = "<group>"; };
		C9E376681C44E572000B2A70 /* AAPLAppDelegate.swift */ = {isa = PBXFileReference; fileEncoding = 4; lastKnownFileType = sourcecode.swift; path = AAPLAppDelegate.swift; sourceTree = "<group>"; };
		C9E376691C44E572000B2A70 /* AAPLSceneView.swift */ = {isa = PBXFileReference; fileEncoding = 4; lastKnownFileType = sourcecode.swift; path = AAPLSceneView.swift; sourceTree = "<group>"; };
		C9E3766F1C44E5D4000B2A70 /* AppDelegateOSX.swift */ = {isa = PBXFileReference; fileEncoding = 4; lastKnownFileType = sourcecode.swift; path = AppDelegateOSX.swift; sourceTree = "<group>"; };
		C9E376721C44EBEC000B2A70 /* AAPLCoconut.swift */ = {isa = PBXFileReference; fileEncoding = 4; lastKnownFileType = sourcecode.swift; path = AAPLCoconut.swift; sourceTree = "<group>"; };
		C9E376731C44EBEC000B2A70 /* AAPLMonkeyCharacter.swift */ = {isa = PBXFileReference; fileEncoding = 4; lastKnownFileType = sourcecode.swift; path = AAPLMonkeyCharacter.swift; sourceTree = "<group>"; };
		C9E376741C44EBEC000B2A70 /* AAPLPlayerCharacter.swift */ = {isa = PBXFileReference; fileEncoding = 4; lastKnownFileType = sourcecode.swift; path = AAPLPlayerCharacter.swift; sourceTree = "<group>"; };
		C9E376751C44EBEC000B2A70 /* AAPLSkinnedCharacter.swift */ = {isa = PBXFileReference; fileEncoding = 4; lastKnownFileType = sourcecode.swift; path = AAPLSkinnedCharacter.swift; sourceTree = "<group>"; };
		C9E3767B1C44EBF6000B2A70 /* AAPLInGameScene.swift */ = {isa = PBXFileReference; fileEncoding = 4; lastKnownFileType = sourcecode.swift; path = AAPLInGameScene.swift; sourceTree = "<group>"; };
		C9E3767C1C44EBF6000B2A70 /* AAPLMainMenu.swift */ = {isa = PBXFileReference; fileEncoding = 4; lastKnownFileType = sourcecode.swift; path = AAPLMainMenu.swift; sourceTree = "<group>"; };
		C9E3767D1C44EBF6000B2A70 /* AAPLPauseMenu.swift */ = {isa = PBXFileReference; fileEncoding = 4; lastKnownFileType = sourcecode.swift; path = AAPLPauseMenu.swift; sourceTree = "<group>"; };
		C9E3767E1C44EBF6000B2A70 /* AAPLPostGameMenu.swift */ = {isa = PBXFileReference; fileEncoding = 4; lastKnownFileType = sourcecode.swift; path = AAPLPostGameMenu.swift; sourceTree = "<group>"; };
		C9E376941C44EC0F000B2A70 /* AAPLGameLevel.swift */ = {isa = PBXFileReference; fileEncoding = 4; lastKnownFileType = sourcecode.swift; path = AAPLGameLevel.swift; sourceTree = "<group>"; };
		C9E376951C44EC0F000B2A70 /* AAPLGameSimulation.swift */ = {isa = PBXFileReference; fileEncoding = 4; lastKnownFileType = sourcecode.swift; path = AAPLGameSimulation.swift; sourceTree = "<group>"; };
		C9E376961C44EC0F000B2A70 /* AAPLMathUtils.swift */ = {isa = PBXFileReference; fileEncoding = 4; lastKnownFileType = sourcecode.swift; path = AAPLMathUtils.swift; sourceTree = "<group>"; };
		C9E376AC1C44F5CF000B2A70 /* ack.caf */ = {isa = PBXFileReference; lastKnownFileType = file; path = ack.caf; sourceTree = "<group>"; };
		C9E376AD1C44F5CF000B2A70 /* coconuthit.caf */ = {isa = PBXFileReference; lastKnownFileType = file; path = coconuthit.caf; sourceTree = "<group>"; };
		C9E376AE1C44F5CF000B2A70 /* deposit.caf */ = {isa = PBXFileReference; lastKnownFileType = file; path = deposit.caf; sourceTree = "<group>"; };
		C9E376AF1C44F5CF000B2A70 /* Land.wav */ = {isa = PBXFileReference; lastKnownFileType = audio.wav; path = Land.wav; sourceTree = "<group>"; };
		C9E376B01C44F5CF000B2A70 /* leftstep.caf */ = {isa = PBXFileReference; lastKnownFileType = file; path = leftstep.caf; sourceTree = "<group>"; };
		C9E376B11C44F5CF000B2A70 /* music.caf */ = {isa = PBXFileReference; lastKnownFileType = file; path = music.caf; sourceTree = "<group>"; };
		C9E376B21C44F5CF000B2A70 /* night.caf */ = {isa = PBXFileReference; lastKnownFileType = file; path = night.caf; sourceTree = "<group>"; };
		C9E376B31C44F5CF000B2A70 /* rightstep.caf */ = {isa = PBXFileReference; lastKnownFileType = file; path = rightstep.caf; sourceTree = "<group>"; };
		C9E698C31C45F44100CCBE04 /* Images.xcassets */ = {isa = PBXFileReference; lastKnownFileType = folder.assetcatalog; path = Images.xcassets; sourceTree = "<group>"; };
		C9E698C71C45F54200CCBE04 /* effects_additive.png */ = {isa = PBXFileReference; lastKnownFileType = image.png; path = effects_additive.png; sourceTree = "<group>"; };
		C9E698C81C45F54200CCBE04 /* effects_transparent.png */ = {isa = PBXFileReference; lastKnownFileType = image.png; path = effects_transparent.png; sourceTree = "<group>"; };
		C9E698C91C45F54200CCBE04 /* spark.png */ = {isa = PBXFileReference; lastKnownFileType = image.png; path = spark.png; sourceTree = "<group>"; };
		C9E698CA1C45F54200CCBE04 /* volcano_effects.png */ = {isa = PBXFileReference; lastKnownFileType = image.png; path = volcano_effects.png; sourceTree = "<group>"; };
		C9E698CC1C45F54200CCBE04 /* banana.png */ = {isa = PBXFileReference; lastKnownFileType = image.png; path = banana.png; sourceTree = "<group>"; };
		C9E698CD1C45F54200CCBE04 /* foliage.png */ = {isa = PBXFileReference; lastKnownFileType = image.png; path = foliage.png; sourceTree = "<group>"; };
		C9E698CE1C45F54200CCBE04 /* foliage_lightmap.png */ = {isa = PBXFileReference; lastKnownFileType = image.png; path = foliage_lightmap.png; sourceTree = "<group>"; };
		C9E698CF1C45F54200CCBE04 /* ground.png */ = {isa = PBXFileReference; lastKnownFileType = image.png; path = ground.png; sourceTree = "<group>"; };
		C9E698D01C45F54200CCBE04 /* ground_lightmap.png */ = {isa = PBXFileReference; lastKnownFileType = image.png; path = ground_lightmap.png; sourceTree = "<group>"; };
		C9E698D11C45F54200CCBE04 /* lava.png */ = {isa = PBXFileReference; lastKnownFileType = image.png; path = lava.png; sourceTree = "<group>"; };
		C9E698D21C45F54200CCBE04 /* lava_lightmap.png */ = {isa = PBXFileReference; lastKnownFileType = image.png; path = lava_lightmap.png; sourceTree = "<group>"; };
		C9E698D31C45F54200CCBE04 /* rocks.png */ = {isa = PBXFileReference; lastKnownFileType = image.png; path = rocks.png; sourceTree = "<group>"; };
		C9E698D41C45F54200CCBE04 /* rocks_lightmap.png */ = {isa = PBXFileReference; lastKnownFileType = image.png; path = rocks_lightmap.png; sourceTree = "<group>"; };
		C9E698D51C45F54200CCBE04 /* sky.png */ = {isa = PBXFileReference; lastKnownFileType = image.png; path = sky.png; sourceTree = "<group>"; };
		C9E698D61C45F54200CCBE04 /* temple.png */ = {isa = PBXFileReference; lastKnownFileType = image.png; path = temple.png; sourceTree = "<group>"; };
		C9E698D71C45F54200CCBE04 /* temple_lightmap.png */ = {isa = PBXFileReference; lastKnownFileType = image.png; path = temple_lightmap.png; sourceTree = "<group>"; };
		C9E698D81C45F54200CCBE04 /* temple_normal.png */ = {isa = PBXFileReference; lastKnownFileType = image.png; path = temple_normal.png; sourceTree = "<group>"; };
		C9E698D91C45F54200CCBE04 /* terrain.png */ = {isa = PBXFileReference; lastKnownFileType = image.png; path = terrain.png; sourceTree = "<group>"; };
		C9E698DA1C45F54200CCBE04 /* terrain_lightmap.png */ = {isa = PBXFileReference; lastKnownFileType = image.png; path = terrain_lightmap.png; sourceTree = "<group>"; };
		C9E698DB1C45F54200CCBE04 /* volcano.png */ = {isa = PBXFileReference; lastKnownFileType = image.png; path = volcano.png; sourceTree = "<group>"; };
		C9E698DD1C45F54200CCBE04 /* logo_bananas.png */ = {isa = PBXFileReference; lastKnownFileType = image.png; path = logo_bananas.png; sourceTree = "<group>"; };
		C9E698F51C45F5CE00CCBE04 /* explorer.png */ = {isa = PBXFileReference; lastKnownFileType = image.png; path = explorer.png; sourceTree = "<group>"; };
		C9E698F71C45F5CE00CCBE04 /* monkey.png */ = {isa = PBXFileReference; lastKnownFileType = image.png; path = monkey.png; sourceTree = "<group>"; };
		C9E698FB1C45F82B00CCBE04 /* blobShadow.jpg */ = {isa = PBXFileReference; lastKnownFileType = image.jpeg; path = blobShadow.jpg; sourceTree = "<group>"; };
/* End PBXFileReference section */

/* Begin PBXFrameworksBuildPhase section */
		C9E376301C44E3F2000B2A70 /* Frameworks */ = {
			isa = PBXFrameworksBuildPhase;
			buildActionMask = 2147483647;
			files = (
			);
			runOnlyForDeploymentPostprocessing = 0;
		};
		C9E376451C44E3F2000B2A70 /* Frameworks */ = {
			isa = PBXFrameworksBuildPhase;
			buildActionMask = 2147483647;
			files = (
			);
			runOnlyForDeploymentPostprocessing = 0;
		};
		C9E376501C44E3F2000B2A70 /* Frameworks */ = {
			isa = PBXFrameworksBuildPhase;
			buildActionMask = 2147483647;
			files = (
			);
			runOnlyForDeploymentPostprocessing = 0;
		};
/* End PBXFrameworksBuildPhase section */

/* Begin PBXGroup section */
		C9E3762A1C44E3F2000B2A70 = {
			isa = PBXGroup;
			children = (
				C9E3766E1C44E5A3000B2A70 /* Bananas OSX */,
				C9E376661C44E4E9000B2A70 /* Common */,
				C9E376351C44E3F2000B2A70 /* BananasSwiftNew */,
				C9E3764B1C44E3F2000B2A70 /* BananasSwiftNewTests */,
				C9E376561C44E3F2000B2A70 /* BananasSwiftNewUITests */,
				C9E376341C44E3F2000B2A70 /* Products */,
			);
			sourceTree = "<group>";
		};
		C9E376341C44E3F2000B2A70 /* Products */ = {
			isa = PBXGroup;
			children = (
				C9E376331C44E3F2000B2A70 /* BananasSwiftNew.app */,
				C9E376481C44E3F2000B2A70 /* BananasSwiftNewTests.xctest */,
				C9E376531C44E3F2000B2A70 /* BananasSwiftNewUITests.xctest */,
			);
			name = Products;
			sourceTree = "<group>";
		};
		C9E376351C44E3F2000B2A70 /* BananasSwiftNew */ = {
			isa = PBXGroup;
			children = (
				C9E698C51C45F54200CCBE04 /* Images */,
				C9E376AB1C44F5CF000B2A70 /* Sounds */,
				C9E3763C1C44E3F2000B2A70 /* art.scnassets */,
				C9E376401C44E3F2000B2A70 /* MainMenu.xib */,
				C9E376431C44E3F2000B2A70 /* Info.plist */,
				C9E698C31C45F44100CCBE04 /* Images.xcassets */,
			);
			path = BananasSwiftNew;
			sourceTree = "<group>";
		};
		C9E3764B1C44E3F2000B2A70 /* BananasSwiftNewTests */ = {
			isa = PBXGroup;
			children = (
				C9E3764C1C44E3F2000B2A70 /* BananasSwiftNewTests.swift */,
				C9E3764E1C44E3F2000B2A70 /* Info.plist */,
			);
			path = BananasSwiftNewTests;
			sourceTree = "<group>";
		};
		C9E376561C44E3F2000B2A70 /* BananasSwiftNewUITests */ = {
			isa = PBXGroup;
			children = (
				C9E376571C44E3F2000B2A70 /* BananasSwiftNewUITests.swift */,
				C9E376591C44E3F2000B2A70 /* Info.plist */,
			);
			path = BananasSwiftNewUITests;
			sourceTree = "<group>";
		};
		C9E376661C44E4E9000B2A70 /* Common */ = {
			isa = PBXGroup;
			children = (
				C9E376941C44EC0F000B2A70 /* AAPLGameLevel.swift */,
				C9E376951C44EC0F000B2A70 /* AAPLGameSimulation.swift */,
				C9E376961C44EC0F000B2A70 /* AAPLMathUtils.swift */,
				C9E3767A1C44EBF6000B2A70 /* UI */,
				C9E376711C44EBEC000B2A70 /* Characters */,
				C9E376671C44E572000B2A70 /* App&View */,
			);
			path = Common;
			sourceTree = "<group>";
		};
		C9E376671C44E572000B2A70 /* App&View */ = {
			isa = PBXGroup;
			children = (
				C9E376681C44E572000B2A70 /* AAPLAppDelegate.swift */,
				C9E376691C44E572000B2A70 /* AAPLSceneView.swift */,
			);
			path = "App&View";
			sourceTree = "<group>";
		};
		C9E3766E1C44E5A3000B2A70 /* Bananas OSX */ = {
			isa = PBXGroup;
			children = (
				C9E3766F1C44E5D4000B2A70 /* AppDelegateOSX.swift */,
			);
			path = "Bananas OSX";
			sourceTree = "<group>";
		};
		C9E376711C44EBEC000B2A70 /* Characters */ = {
			isa = PBXGroup;
			children = (
				C9E376721C44EBEC000B2A70 /* AAPLCoconut.swift */,
				C9E376731C44EBEC000B2A70 /* AAPLMonkeyCharacter.swift */,
				C9E376741C44EBEC000B2A70 /* AAPLPlayerCharacter.swift */,
				C9E376751C44EBEC000B2A70 /* AAPLSkinnedCharacter.swift */,
			);
			path = Characters;
			sourceTree = "<group>";
		};
		C9E3767A1C44EBF6000B2A70 /* UI */ = {
			isa = PBXGroup;
			children = (
				C9E3767B1C44EBF6000B2A70 /* AAPLInGameScene.swift */,
				C9E3767C1C44EBF6000B2A70 /* AAPLMainMenu.swift */,
				C9E3767D1C44EBF6000B2A70 /* AAPLPauseMenu.swift */,
				C9E3767E1C44EBF6000B2A70 /* AAPLPostGameMenu.swift */,
			);
			path = UI;
			sourceTree = "<group>";
		};
		C9E376AB1C44F5CF000B2A70 /* Sounds */ = {
			isa = PBXGroup;
			children = (
				C9E376AC1C44F5CF000B2A70 /* ack.caf */,
				C9E376AD1C44F5CF000B2A70 /* coconuthit.caf */,
				C9E376AE1C44F5CF000B2A70 /* deposit.caf */,
				C9E376AF1C44F5CF000B2A70 /* Land.wav */,
				C9E376B01C44F5CF000B2A70 /* leftstep.caf */,
				C9E376B11C44F5CF000B2A70 /* music.caf */,
				C9E376B21C44F5CF000B2A70 /* night.caf */,
				C9E376B31C44F5CF000B2A70 /* rightstep.caf */,
			);
			path = Sounds;
			sourceTree = "<group>";
		};
		C9E698C51C45F54200CCBE04 /* Images */ = {
			isa = PBXGroup;
			children = (
				C9E698FA1C45F82B00CCBE04 /* techniques */,
				C9E698F31C45F5CE00CCBE04 /* characters */,
				C9E698C61C45F54200CCBE04 /* effects */,
				C9E698CB1C45F54200CCBE04 /* images */,
				C9E698DC1C45F54200CCBE04 /* interface */,
			);
			path = Images;
			sourceTree = "<group>";
		};
		C9E698C61C45F54200CCBE04 /* effects */ = {
			isa = PBXGroup;
			children = (
				C9E698C71C45F54200CCBE04 /* effects_additive.png */,
				C9E698C81C45F54200CCBE04 /* effects_transparent.png */,
				C9E698C91C45F54200CCBE04 /* spark.png */,
				C9E698CA1C45F54200CCBE04 /* volcano_effects.png */,
			);
			path = effects;
			sourceTree = "<group>";
		};
		C9E698CB1C45F54200CCBE04 /* images */ = {
			isa = PBXGroup;
			children = (
				C9E698CC1C45F54200CCBE04 /* banana.png */,
				C9E698CD1C45F54200CCBE04 /* foliage.png */,
				C9E698CE1C45F54200CCBE04 /* foliage_lightmap.png */,
				C9E698CF1C45F54200CCBE04 /* ground.png */,
				C9E698D01C45F54200CCBE04 /* ground_lightmap.png */,
				C9E698D11C45F54200CCBE04 /* lava.png */,
				C9E698D21C45F54200CCBE04 /* lava_lightmap.png */,
				C9E698D31C45F54200CCBE04 /* rocks.png */,
				C9E698D41C45F54200CCBE04 /* rocks_lightmap.png */,
				C9E698D51C45F54200CCBE04 /* sky.png */,
				C9E698D61C45F54200CCBE04 /* temple.png */,
				C9E698D71C45F54200CCBE04 /* temple_lightmap.png */,
				C9E698D81C45F54200CCBE04 /* temple_normal.png */,
				C9E698D91C45F54200CCBE04 /* terrain.png */,
				C9E698DA1C45F54200CCBE04 /* terrain_lightmap.png */,
				C9E698DB1C45F54200CCBE04 /* volcano.png */,
			);
			path = images;
			sourceTree = "<group>";
		};
		C9E698DC1C45F54200CCBE04 /* interface */ = {
			isa = PBXGroup;
			children = (
				C9E698DD1C45F54200CCBE04 /* logo_bananas.png */,
			);
			path = interface;
			sourceTree = "<group>";
		};
		C9E698F31C45F5CE00CCBE04 /* characters */ = {
			isa = PBXGroup;
			children = (
				C9E698F41C45F5CE00CCBE04 /* explorer */,
				C9E698F61C45F5CE00CCBE04 /* monkey */,
			);
			path = characters;
			sourceTree = "<group>";
		};
		C9E698F41C45F5CE00CCBE04 /* explorer */ = {
			isa = PBXGroup;
			children = (
				C9E698F51C45F5CE00CCBE04 /* explorer.png */,
			);
			path = explorer;
			sourceTree = "<group>";
		};
		C9E698F61C45F5CE00CCBE04 /* monkey */ = {
			isa = PBXGroup;
			children = (
				C9E698F71C45F5CE00CCBE04 /* monkey.png */,
			);
			path = monkey;
			sourceTree = "<group>";
		};
		C9E698FA1C45F82B00CCBE04 /* techniques */ = {
			isa = PBXGroup;
			children = (
				C9E698FB1C45F82B00CCBE04 /* blobShadow.jpg */,
			);
			path = techniques;
			sourceTree = "<group>";
		};
/* End PBXGroup section */

/* Begin PBXNativeTarget section */
		C9E376321C44E3F2000B2A70 /* BananasSwiftNew */ = {
			isa = PBXNativeTarget;
			buildConfigurationList = C9E3765C1C44E3F2000B2A70 /* Build configuration list for PBXNativeTarget "BananasSwiftNew" */;
			buildPhases = (
				C9E3762F1C44E3F2000B2A70 /* Sources */,
				C9E376301C44E3F2000B2A70 /* Frameworks */,
				C9E376311C44E3F2000B2A70 /* Resources */,
			);
			buildRules = (
			);
			dependencies = (
			);
			name = BananasSwiftNew;
			productName = BananasSwiftNew;
			productReference = C9E376331C44E3F2000B2A70 /* BananasSwiftNew.app */;
			productType = "com.apple.product-type.application";
		};
		C9E376471C44E3F2000B2A70 /* BananasSwiftNewTests */ = {
			isa = PBXNativeTarget;
			buildConfigurationList = C9E3765F1C44E3F2000B2A70 /* Build configuration list for PBXNativeTarget "BananasSwiftNewTests" */;
			buildPhases = (
				C9E376441C44E3F2000B2A70 /* Sources */,
				C9E376451C44E3F2000B2A70 /* Frameworks */,
				C9E376461C44E3F2000B2A70 /* Resources */,
			);
			buildRules = (
			);
			dependencies = (
				C9E3764A1C44E3F2000B2A70 /* PBXTargetDependency */,
			);
			name = BananasSwiftNewTests;
			productName = BananasSwiftNewTests;
			productReference = C9E376481C44E3F2000B2A70 /* BananasSwiftNewTests.xctest */;
			productType = "com.apple.product-type.bundle.unit-test";
		};
		C9E376521C44E3F2000B2A70 /* BananasSwiftNewUITests */ = {
			isa = PBXNativeTarget;
			buildConfigurationList = C9E376621C44E3F2000B2A70 /* Build configuration list for PBXNativeTarget "BananasSwiftNewUITests" */;
			buildPhases = (
				C9E3764F1C44E3F2000B2A70 /* Sources */,
				C9E376501C44E3F2000B2A70 /* Frameworks */,
				C9E376511C44E3F2000B2A70 /* Resources */,
			);
			buildRules = (
			);
			dependencies = (
				C9E376551C44E3F2000B2A70 /* PBXTargetDependency */,
			);
			name = BananasSwiftNewUITests;
			productName = BananasSwiftNewUITests;
			productReference = C9E376531C44E3F2000B2A70 /* BananasSwiftNewUITests.xctest */;
			productType = "com.apple.product-type.bundle.ui-testing";
		};
/* End PBXNativeTarget section */

/* Begin PBXProject section */
		C9E3762B1C44E3F2000B2A70 /* Project object */ = {
			isa = PBXProject;
			attributes = {
				LastSwiftUpdateCheck = 0720;
				LastUpgradeCheck = 0720;
				ORGANIZATIONNAME = MachVen;
				TargetAttributes = {
					C9E376321C44E3F2000B2A70 = {
						CreatedOnToolsVersion = 7.2;
					};
					C9E376471C44E3F2000B2A70 = {
						CreatedOnToolsVersion = 7.2;
						TestTargetID = C9E376321C44E3F2000B2A70;
					};
					C9E376521C44E3F2000B2A70 = {
						CreatedOnToolsVersion = 7.2;
						TestTargetID = C9E376321C44E3F2000B2A70;
					};
				};
			};
			buildConfigurationList = C9E3762E1C44E3F2000B2A70 /* Build configuration list for PBXProject "BananasSwiftNew" */;
			compatibilityVersion = "Xcode 3.2";
			developmentRegion = English;
			hasScannedForEncodings = 0;
			knownRegions = (
				en,
				Base,
			);
			mainGroup = C9E3762A1C44E3F2000B2A70;
			productRefGroup = C9E376341C44E3F2000B2A70 /* Products */;
			projectDirPath = "";
			projectRoot = "";
			targets = (
				C9E376321C44E3F2000B2A70 /* BananasSwiftNew */,
				C9E376471C44E3F2000B2A70 /* BananasSwiftNewTests */,
				C9E376521C44E3F2000B2A70 /* BananasSwiftNewUITests */,
			);
		};
/* End PBXProject section */

/* Begin PBXResourcesBuildPhase section */
		C9E376311C44E3F2000B2A70 /* Resources */ = {
			isa = PBXResourcesBuildPhase;
			buildActionMask = 2147483647;
			files = (
				C9E376BA1C44F5CF000B2A70 /* night.caf in Resources */,
				C9E376B41C44F5CF000B2A70 /* ack.caf in Resources */,
				C9E376B81C44F5CF000B2A70 /* leftstep.caf in Resources */,
				C9E698EE1C45F54200CCBE04 /* temple_normal.png in Resources */,
				C9E698F81C45F5CE00CCBE04 /* explorer.png in Resources */,
				C9E698E01C45F54200CCBE04 /* spark.png in Resources */,
				C9E698F11C45F54200CCBE04 /* volcano.png in Resources */,
				C9E698E31C45F54200CCBE04 /* foliage.png in Resources */,
				C9E698F21C45F54200CCBE04 /* logo_bananas.png in Resources */,
				C9E698E11C45F54200CCBE04 /* volcano_effects.png in Resources */,
				C9E698E61C45F54200CCBE04 /* ground_lightmap.png in Resources */,
				C9E376BB1C44F5CF000B2A70 /* rightstep.caf in Resources */,
				C9E698DF1C45F54200CCBE04 /* effects_transparent.png in Resources */,
				C9E698DE1C45F54200CCBE04 /* effects_additive.png in Resources */,
				C9E698C41C45F44100CCBE04 /* Images.xcassets in Resources */,
				C9E698E51C45F54200CCBE04 /* ground.png in Resources */,
				C9E698EA1C45F54200CCBE04 /* rocks_lightmap.png in Resources */,
				C9E376B91C44F5CF000B2A70 /* music.caf in Resources */,
				C9E698E91C45F54200CCBE04 /* rocks.png in Resources */,
				C9E698E41C45F54200CCBE04 /* foliage_lightmap.png in Resources */,
				C9E376B71C44F5CF000B2A70 /* Land.wav in Resources */,
				C9E3763D1C44E3F2000B2A70 /* art.scnassets in Resources */,
				C9E376B51C44F5CF000B2A70 /* coconuthit.caf in Resources */,
				C9E698EF1C45F54200CCBE04 /* terrain.png in Resources */,
				C9E698FC1C45F82B00CCBE04 /* blobShadow.jpg in Resources */,
				C9E698E81C45F54200CCBE04 /* lava_lightmap.png in Resources */,
				C9E698E71C45F54200CCBE04 /* lava.png in Resources */,
				C9E698EB1C45F54200CCBE04 /* sky.png in Resources */,
				C9E376B61C44F5CF000B2A70 /* deposit.caf in Resources */,
				C9E698F91C45F5CE00CCBE04 /* monkey.png in Resources */,
				C9E698ED1C45F54200CCBE04 /* temple_lightmap.png in Resources */,
				C9E698E21C45F54200CCBE04 /* banana.png in Resources */,
				C9E698EC1C45F54200CCBE04 /* temple.png in Resources */,
				C9E376421C44E3F2000B2A70 /* MainMenu.xib in Resources */,
				C9E698F01C45F54200CCBE04 /* terrain_lightmap.png in Resources */,
			);
			runOnlyForDeploymentPostprocessing = 0;
		};
		C9E376461C44E3F2000B2A70 /* Resources */ = {
			isa = PBXResourcesBuildPhase;
			buildActionMask = 2147483647;
			files = (
			);
			runOnlyForDeploymentPostprocessing = 0;
		};
		C9E376511C44E3F2000B2A70 /* Resources */ = {
			isa = PBXResourcesBuildPhase;
			buildActionMask = 2147483647;
			files = (
			);
			runOnlyForDeploymentPostprocessing = 0;
		};
/* End PBXResourcesBuildPhase section */

/* Begin PBXSourcesBuildPhase section */
		C9E3762F1C44E3F2000B2A70 /* Sources */ = {
			isa = PBXSourcesBuildPhase;
			buildActionMask = 2147483647;
			files = (
				C9E376781C44EBEC000B2A70 /* AAPLPlayerCharacter.swift in Sources */,
				C9E376811C44EBF6000B2A70 /* AAPLPauseMenu.swift in Sources */,
				C9E376821C44EBF6000B2A70 /* AAPLPostGameMenu.swift in Sources */,
				C9E376701C44E5D4000B2A70 /* AppDelegateOSX.swift in Sources */,
				C9E376761C44EBEC000B2A70 /* AAPLCoconut.swift in Sources */,
				C9E3766B1C44E572000B2A70 /* AAPLAppDelegate.swift in Sources */,
				C9E3766C1C44E572000B2A70 /* AAPLSceneView.swift in Sources */,
				C9E3767F1C44EBF6000B2A70 /* AAPLInGameScene.swift in Sources */,
				C9E376981C44EC0F000B2A70 /* AAPLGameSimulation.swift in Sources */,
				C9E376791C44EBEC000B2A70 /* AAPLSkinnedCharacter.swift in Sources */,
				C9E376771C44EBEC000B2A70 /* AAPLMonkeyCharacter.swift in Sources */,
				C9E376971C44EC0F000B2A70 /* AAPLGameLevel.swift in Sources */,
				C9E376801C44EBF6000B2A70 /* AAPLMainMenu.swift in Sources */,
				C9E376991C44EC0F000B2A70 /* AAPLMathUtils.swift in Sources */,
			);
			runOnlyForDeploymentPostprocessing = 0;
		};
		C9E376441C44E3F2000B2A70 /* Sources */ = {
			isa = PBXSourcesBuildPhase;
			buildActionMask = 2147483647;
			files = (
				C9E3764D1C44E3F2000B2A70 /* BananasSwiftNewTests.swift in Sources */,
			);
			runOnlyForDeploymentPostprocessing = 0;
		};
		C9E3764F1C44E3F2000B2A70 /* Sources */ = {
			isa = PBXSourcesBuildPhase;
			buildActionMask = 2147483647;
			files = (
				C9E376581C44E3F2000B2A70 /* BananasSwiftNewUITests.swift in Sources */,
			);
			runOnlyForDeploymentPostprocessing = 0;
		};
/* End PBXSourcesBuildPhase section */

/* Begin PBXTargetDependency section */
		C9E3764A1C44E3F2000B2A70 /* PBXTargetDependency */ = {
			isa = PBXTargetDependency;
			target = C9E376321C44E3F2000B2A70 /* BananasSwiftNew */;
			targetProxy = C9E376491C44E3F2000B2A70 /* PBXContainerItemProxy */;
		};
		C9E376551C44E3F2000B2A70 /* PBXTargetDependency */ = {
			isa = PBXTargetDependency;
			target = C9E376321C44E3F2000B2A70 /* BananasSwiftNew */;
			targetProxy = C9E376541C44E3F2000B2A70 /* PBXContainerItemProxy */;
		};
/* End PBXTargetDependency section */

/* Begin PBXVariantGroup section */
		C9E376401C44E3F2000B2A70 /* MainMenu.xib */ = {
			isa = PBXVariantGroup;
			children = (
				C9E376411C44E3F2000B2A70 /* Base */,
			);
			name = MainMenu.xib;
			sourceTree = "<group>";
		};
/* End PBXVariantGroup section */

/* Begin XCBuildConfiguration section */
		C9E3765A1C44E3F2000B2A70 /* Debug */ = {
			isa = XCBuildConfiguration;
			buildSettings = {
				ALWAYS_SEARCH_USER_PATHS = NO;
				CLANG_CXX_LANGUAGE_STANDARD = "gnu++0x";
				CLANG_CXX_LIBRARY = "libc++";
				CLANG_ENABLE_MODULES = YES;
				CLANG_ENABLE_OBJC_ARC = YES;
				CLANG_WARN_BOOL_CONVERSION = YES;
				CLANG_WARN_CONSTANT_CONVERSION = YES;
				CLANG_WARN_DIRECT_OBJC_ISA_USAGE = YES_ERROR;
				CLANG_WARN_EMPTY_BODY = YES;
				CLANG_WARN_ENUM_CONVERSION = YES;
				CLANG_WARN_INT_CONVERSION = YES;
				CLANG_WARN_OBJC_ROOT_CLASS = YES_ERROR;
				CLANG_WARN_UNREACHABLE_CODE = YES;
				CLANG_WARN__DUPLICATE_METHOD_MATCH = YES;
				CODE_SIGN_IDENTITY = "-";
				COPY_PHASE_STRIP = NO;
				DEBUG_INFORMATION_FORMAT = "dwarf-with-dsym";
				ENABLE_STRICT_OBJC_MSGSEND = YES;
				ENABLE_TESTABILITY = YES;
				GCC_C_LANGUAGE_STANDARD = gnu99;
				GCC_DYNAMIC_NO_PIC = NO;
				GCC_NO_COMMON_BLOCKS = YES;
				GCC_OPTIMIZATION_LEVEL = 0;
				GCC_PREPROCESSOR_DEFINITIONS = (
					"DEBUG=1",
					"$(inherited)",
				);
				GCC_WARN_64_TO_32_BIT_CONVERSION = YES;
				GCC_WARN_ABOUT_RETURN_TYPE = YES_ERROR;
				GCC_WARN_UNDECLARED_SELECTOR = YES;
				GCC_WARN_UNINITIALIZED_AUTOS = YES_AGGRESSIVE;
				GCC_WARN_UNUSED_FUNCTION = YES;
				GCC_WARN_UNUSED_VARIABLE = YES;
				MACOSX_DEPLOYMENT_TARGET = 10.11;
				MTL_ENABLE_DEBUG_INFO = YES;
				ONLY_ACTIVE_ARCH = YES;
				SDKROOT = macosx;
				SWIFT_OPTIMIZATION_LEVEL = "-Onone";
			};
			name = Debug;
		};
		C9E3765B1C44E3F2000B2A70 /* Release */ = {
			isa = XCBuildConfiguration;
			buildSettings = {
				ALWAYS_SEARCH_USER_PATHS = NO;
				CLANG_CXX_LANGUAGE_STANDARD = "gnu++0x";
				CLANG_CXX_LIBRARY = "libc++";
				CLANG_ENABLE_MODULES = YES;
				CLANG_ENABLE_OBJC_ARC = YES;
				CLANG_WARN_BOOL_CONVERSION = YES;
				CLANG_WARN_CONSTANT_CONVERSION = YES;
				CLANG_WARN_DIRECT_OBJC_ISA_USAGE = YES_ERROR;
				CLANG_WARN_EMPTY_BODY = YES;
				CLANG_WARN_ENUM_CONVERSION = YES;
				CLANG_WARN_INT_CONVERSION = YES;
				CLANG_WARN_OBJC_ROOT_CLASS = YES_ERROR;
				CLANG_WARN_UNREACHABLE_CODE = YES;
				CLANG_WARN__DUPLICATE_METHOD_MATCH = YES;
				CODE_SIGN_IDENTITY = "-";
				COPY_PHASE_STRIP = NO;
				DEBUG_INFORMATION_FORMAT = "dwarf-with-dsym";
				ENABLE_NS_ASSERTIONS = NO;
				ENABLE_STRICT_OBJC_MSGSEND = YES;
				GCC_C_LANGUAGE_STANDARD = gnu99;
				GCC_NO_COMMON_BLOCKS = YES;
				GCC_WARN_64_TO_32_BIT_CONVERSION = YES;
				GCC_WARN_ABOUT_RETURN_TYPE = YES_ERROR;
				GCC_WARN_UNDECLARED_SELECTOR = YES;
				GCC_WARN_UNINITIALIZED_AUTOS = YES_AGGRESSIVE;
				GCC_WARN_UNUSED_FUNCTION = YES;
				GCC_WARN_UNUSED_VARIABLE = YES;
				MACOSX_DEPLOYMENT_TARGET = 10.11;
				MTL_ENABLE_DEBUG_INFO = NO;
				SDKROOT = macosx;
			};
			name = Release;
		};
		C9E3765D1C44E3F2000B2A70 /* Debug */ = {
			isa = XCBuildConfiguration;
			buildSettings = {
				ASSETCATALOG_COMPILER_APPICON_NAME = AppIcon;
				COMBINE_HIDPI_IMAGES = YES;
				INFOPLIST_FILE = BananasSwiftNew/Info.plist;
				LD_RUNPATH_SEARCH_PATHS = "$(inherited) @executable_path/../Frameworks";
				PRODUCT_BUNDLE_IDENTIFIER = com.machven.BananasSwiftNew;
				PRODUCT_NAME = "$(TARGET_NAME)";
			};
			name = Debug;
		};
		C9E3765E1C44E3F2000B2A70 /* Release */ = {
			isa = XCBuildConfiguration;
			buildSettings = {
				ASSETCATALOG_COMPILER_APPICON_NAME = AppIcon;
				COMBINE_HIDPI_IMAGES = YES;
				INFOPLIST_FILE = BananasSwiftNew/Info.plist;
				LD_RUNPATH_SEARCH_PATHS = "$(inherited) @executable_path/../Frameworks";
				PRODUCT_BUNDLE_IDENTIFIER = com.machven.BananasSwiftNew;
				PRODUCT_NAME = "$(TARGET_NAME)";
			};
			name = Release;
		};
		C9E376601C44E3F2000B2A70 /* Debug */ = {
			isa = XCBuildConfiguration;
			buildSettings = {
				BUNDLE_LOADER = "$(TEST_HOST)";
				COMBINE_HIDPI_IMAGES = YES;
				DEBUG_INFORMATION_FORMAT = dwarf;
				INFOPLIST_FILE = BananasSwiftNewTests/Info.plist;
				LD_RUNPATH_SEARCH_PATHS = "$(inherited) @executable_path/../Frameworks @loader_path/../Frameworks";
				PRODUCT_BUNDLE_IDENTIFIER = com.machven.BananasSwiftNewTests;
				PRODUCT_NAME = "$(TARGET_NAME)";
				TEST_HOST = "$(BUILT_PRODUCTS_DIR)/BananasSwiftNew.app/Contents/MacOS/BananasSwiftNew";
			};
			name = Debug;
		};
		C9E376611C44E3F2000B2A70 /* Release */ = {
			isa = XCBuildConfiguration;
			buildSettings = {
				BUNDLE_LOADER = "$(TEST_HOST)";
				COMBINE_HIDPI_IMAGES = YES;
				INFOPLIST_FILE = BananasSwiftNewTests/Info.plist;
				LD_RUNPATH_SEARCH_PATHS = "$(inherited) @executable_path/../Frameworks @loader_path/../Frameworks";
				PRODUCT_BUNDLE_IDENTIFIER = com.machven.BananasSwiftNewTests;
				PRODUCT_NAME = "$(TARGET_NAME)";
				TEST_HOST = "$(BUILT_PRODUCTS_DIR)/BananasSwiftNew.app/Contents/MacOS/BananasSwiftNew";
			};
			name = Release;
		};
		C9E376631C44E3F2000B2A70 /* Debug */ = {
			isa = XCBuildConfiguration;
			buildSettings = {
				COMBINE_HIDPI_IMAGES = YES;
				DEBUG_INFORMATION_FORMAT = dwarf;
				INFOPLIST_FILE = BananasSwiftNewUITests/Info.plist;
				LD_RUNPATH_SEARCH_PATHS = "$(inherited) @executable_path/../Frameworks @loader_path/../Frameworks";
				PRODUCT_BUNDLE_IDENTIFIER = com.machven.BananasSwiftNewUITests;
				PRODUCT_NAME = "$(TARGET_NAME)";
				TEST_TARGET_NAME = BananasSwiftNew;
				USES_XCTRUNNER = YES;
			};
			name = Debug;
		};
		C9E376641C44E3F2000B2A70 /* Release */ = {
			isa = XCBuildConfiguration;
			buildSettings = {
				COMBINE_HIDPI_IMAGES = YES;
				INFOPLIST_FILE = BananasSwiftNewUITests/Info.plist;
				LD_RUNPATH_SEARCH_PATHS = "$(inherited) @executable_path/../Frameworks @loader_path/../Frameworks";
				PRODUCT_BUNDLE_IDENTIFIER = com.machven.BananasSwiftNewUITests;
				PRODUCT_NAME = "$(TARGET_NAME)";
				TEST_TARGET_NAME = BananasSwiftNew;
				USES_XCTRUNNER = YES;
			};
			name = Release;
		};
/* End XCBuildConfiguration section */

/* Begin XCConfigurationList section */
		C9E3762E1C44E3F2000B2A70 /* Build configuration list for PBXProject "BananasSwiftNew" */ = {
			isa = XCConfigurationList;
			buildConfigurations = (
				C9E3765A1C44E3F2000B2A70 /* Debug */,
				C9E3765B1C44E3F2000B2A70 /* Release */,
			);
			defaultConfigurationIsVisible = 0;
			defaultConfigurationName = Release;
		};
		C9E3765C1C44E3F2000B2A70 /* Build configuration list for PBXNativeTarget "BananasSwiftNew" */ = {
			isa = XCConfigurationList;
			buildConfigurations = (
				C9E3765D1C44E3F2000B2A70 /* Debug */,
				C9E3765E1C44E3F2000B2A70 /* Release */,
			);
			defaultConfigurationIsVisible = 0;
			defaultConfigurationName = Release;
		};
		C9E3765F1C44E3F2000B2A70 /* Build configuration list for PBXNativeTarget "BananasSwiftNewTests" */ = {
			isa = XCConfigurationList;
			buildConfigurations = (
				C9E376601C44E3F2000B2A70 /* Debug */,
				C9E376611C44E3F2000B2A70 /* Release */,
			);
			defaultConfigurationIsVisible = 0;
			defaultConfigurationName = Release;
		};
		C9E376621C44E3F2000B2A70 /* Build configuration list for PBXNativeTarget "BananasSwiftNewUITests" */ = {
			isa = XCConfigurationList;
			buildConfigurations = (
				C9E376631C44E3F2000B2A70 /* Debug */,
				C9E376641C44E3F2000B2A70 /* Release */,
			);
			defaultConfigurationIsVisible = 0;
			defaultConfigurationName = Release;
		};
/* End XCConfigurationList section */
	};
	rootObject = C9E3762B1C44E3F2000B2A70 /* Project object */;
}
